// !$*UTF8*$!
{
	archiveVersion = 1;
	classes = {
	};
	objectVersion = 48;
	objects = {

/* Begin PBXBuildFile section */
		74C061E71FBBDA0400EF4A6A /* main.m in Sources */ = {isa = PBXBuildFile; fileRef = 74C061E61FBBDA0400EF4A6A /* main.m */; };
		74C061F21FBC29A600EF4A6A /* EqualSum.m in Sources */ = {isa = PBXBuildFile; fileRef = 74C061F11FBC29A600EF4A6A /* EqualSum.m */; };
		796C954B200F1ACB0072F434 /* BinaryTreeNode.m in Sources */ = {isa = PBXBuildFile; fileRef = 796C954A200F1ACB0072F434 /* BinaryTreeNode.m */; };
/* End PBXBuildFile section */

/* Begin PBXCopyFilesBuildPhase section */
		74C061E11FBBDA0400EF4A6A /* CopyFiles */ = {
			isa = PBXCopyFilesBuildPhase;
			buildActionMask = 2147483647;
			dstPath = /usr/share/man/man1/;
			dstSubfolderSpec = 0;
			files = (
			);
			runOnlyForDeploymentPostprocessing = 1;
		};
/* End PBXCopyFilesBuildPhase section */

/* Begin PBXFileReference section */
		74C061E31FBBDA0400EF4A6A /* ArrowToOffer */ = {isa = PBXFileReference; explicitFileType = "compiled.mach-o.executable"; includeInIndex = 0; path = ArrowToOffer; sourceTree = BUILT_PRODUCTS_DIR; };
		74C061E61FBBDA0400EF4A6A /* main.m */ = {isa = PBXFileReference; lastKnownFileType = sourcecode.c.objc; path = main.m; sourceTree = "<group>"; };
		74C061F01FBC29A600EF4A6A /* EqualSum.h */ = {isa = PBXFileReference; lastKnownFileType = sourcecode.c.h; path = EqualSum.h; sourceTree = "<group>"; };
		74C061F11FBC29A600EF4A6A /* EqualSum.m */ = {isa = PBXFileReference; lastKnownFileType = sourcecode.c.objc; path = EqualSum.m; sourceTree = "<group>"; };
		796C9549200F1ACB0072F434 /* BinaryTreeNode.h */ = {isa = PBXFileReference; lastKnownFileType = sourcecode.c.h; path = BinaryTreeNode.h; sourceTree = "<group>"; };
		796C954A200F1ACB0072F434 /* BinaryTreeNode.m */ = {isa = PBXFileReference; lastKnownFileType = sourcecode.c.objc; path = BinaryTreeNode.m; sourceTree = "<group>"; };
/* End PBXFileReference section */

/* Begin PBXFrameworksBuildPhase section */
		74C061E01FBBDA0400EF4A6A /* Frameworks */ = {
			isa = PBXFrameworksBuildPhase;
			buildActionMask = 2147483647;
			files = (
			);
			runOnlyForDeploymentPostprocessing = 0;
		};
/* End PBXFrameworksBuildPhase section */

/* Begin PBXGroup section */
		74C061DA1FBBDA0400EF4A6A = {
			isa = PBXGroup;
			children = (
				74C061E51FBBDA0400EF4A6A /* ArrowToOffer */,
				74C061E41FBBDA0400EF4A6A /* Products */,
			);
			sourceTree = "<group>";
		};
		74C061E41FBBDA0400EF4A6A /* Products */ = {
			isa = PBXGroup;
			children = (
				74C061E31FBBDA0400EF4A6A /* ArrowToOffer */,
			);
			name = Products;
			sourceTree = "<group>";
		};
		74C061E51FBBDA0400EF4A6A /* ArrowToOffer */ = {
			isa = PBXGroup;
			children = (
				74C061E61FBBDA0400EF4A6A /* main.m */,
				74C061F01FBC29A600EF4A6A /* EqualSum.h */,
				74C061F11FBC29A600EF4A6A /* EqualSum.m */,
				796C9549200F1ACB0072F434 /* BinaryTreeNode.h */,
				796C954A200F1ACB0072F434 /* BinaryTreeNode.m */,
			);
			path = ArrowToOffer;
			sourceTree = "<group>";
		};
/* End PBXGroup section */

/* Begin PBXNativeTarget section */
		74C061E21FBBDA0400EF4A6A /* ArrowToOffer */ = {
			isa = PBXNativeTarget;
			buildConfigurationList = 74C061EA1FBBDA0400EF4A6A /* Build configuration list for PBXNativeTarget "ArrowToOffer" */;
			buildPhases = (
				74C061DF1FBBDA0400EF4A6A /* Sources */,
				74C061E01FBBDA0400EF4A6A /* Frameworks */,
				74C061E11FBBDA0400EF4A6A /* CopyFiles */,
			);
			buildRules = (
			);
			dependencies = (
			);
			name = ArrowToOffer;
			productName = ArrowToOffer;
			productReference = 74C061E31FBBDA0400EF4A6A /* ArrowToOffer */;
			productType = "com.apple.product-type.tool";
		};
/* End PBXNativeTarget section */

/* Begin PBXProject section */
		74C061DB1FBBDA0400EF4A6A /* Project object */ = {
			isa = PBXProject;
			attributes = {
				LastUpgradeCheck = 0910;
				ORGANIZATIONNAME = "xiaochen yang";
				TargetAttributes = {
					74C061E21FBBDA0400EF4A6A = {
						CreatedOnToolsVersion = 9.1;
						ProvisioningStyle = Automatic;
					};
				};
			};
			buildConfigurationList = 74C061DE1FBBDA0400EF4A6A /* Build configuration list for PBXProject "ArrowToOffer" */;
			compatibilityVersion = "Xcode 8.0";
			developmentRegion = en;
			hasScannedForEncodings = 0;
			knownRegions = (
				en,
			);
			mainGroup = 74C061DA1FBBDA0400EF4A6A;
			productRefGroup = 74C061E41FBBDA0400EF4A6A /* Products */;
			projectDirPath = "";
			projectRoot = "";
			targets = (
				74C061E21FBBDA0400EF4A6A /* ArrowToOffer */,
			);
		};
/* End PBXProject section */

/* Begin PBXSourcesBuildPhase section */
		74C061DF1FBBDA0400EF4A6A /* Sources */ = {
			isa = PBXSourcesBuildPhase;
			buildActionMask = 2147483647;
			files = (
				74C061F21FBC29A600EF4A6A /* EqualSum.m in Sources */,
				796C954B200F1ACB0072F434 /* BinaryTreeNode.m in Sources */,
				74C061E71FBBDA0400EF4A6A /* main.m in Sources */,
			);
			runOnlyForDeploymentPostprocessing = 0;
		};
/* End PBXSourcesBuildPhase section */

/* Begin XCBuildConfiguration section */
		74C061E81FBBDA0400EF4A6A /* Debug */ = {
			isa = XCBuildConfiguration;
			buildSettings = {
				ALWAYS_SEARCH_USER_PATHS = NO;
				CLANG_ANALYZER_NONNULL = YES;
				CLANG_ANALYZER_NUMBER_OBJECT_CONVERSION = YES_AGGRESSIVE;
				CLANG_CXX_LANGUAGE_STANDARD = "gnu++14";
				CLANG_CXX_LIBRARY = "libc++";
				CLANG_ENABLE_MODULES = YES;
				CLANG_ENABLE_OBJC_ARC = YES;
				CLANG_WARN_BLOCK_CAPTURE_AUTORELEASING = YES;
				CLANG_WARN_BOOL_CONVERSION = YES;
				CLANG_WARN_COMMA = YES;
				CLANG_WARN_CONSTANT_CONVERSION = YES;
				CLANG_WARN_DIRECT_OBJC_ISA_USAGE = YES_ERROR;
				CLANG_WARN_DOCUMENTATION_COMMENTS = YES;
				CLANG_WARN_EMPTY_BODY = YES;
				CLANG_WARN_ENUM_CONVERSION = YES;
				CLANG_WARN_INFINITE_RECURSION = YES;
				CLANG_WARN_INT_CONVERSION = YES;
				CLANG_WARN_NON_LITERAL_NULL_CONVERSION = YES;
				CLANG_WARN_OBJC_LITERAL_CONVERSION = YES;
				CLANG_WARN_OBJC_ROOT_CLASS = YES_ERROR;
				CLANG_WARN_RANGE_LOOP_ANALYSIS = YES;
				CLANG_WARN_STRICT_PROTOTYPES = YES;
				CLANG_WARN_SUSPICIOUS_MOVE = YES;
				CLANG_WARN_UNGUARDED_AVAILABILITY = YES_AGGRESSIVE;
				CLANG_WARN_UNREACHABLE_CODE = YES;
				CLANG_WARN__DUPLICATE_METHOD_MATCH = YES;
				CODE_SIGN_IDENTITY = "Mac Developer";
				COPY_PHASE_STRIP = NO;
				DEBUG_INFORMATION_FORMAT = dwarf;
				ENABLE_STRICT_OBJC_MSGSEND = YES;
				ENABLE_TESTABILITY = YES;
				GCC_C_LANGUAGE_STANDARD = gnu11;
				GCC_DYNAMIC_NO_PIC = NO;
				GCC_NO_COMMON_BLOCKS = YES;
				GCC_OPTIMIZATION_LEVEL = 0;
				GCC_PREPROCESSOR_DEFINITIONS = (
					"DEBUG=1",
					"$(inherited)",
				);
				GCC_WARN_64_TO_32_BIT_CONVERSION = YES;
				GCC_WARN_ABOUT_RETURN_TYPE = YES_ERROR;
				GCC_WARN_UNDECLARED_SELECTOR = YES;
				GCC_WARN_UNINITIALIZED_AUTOS = YES_AGGRESSIVE;
				GCC_WARN_UNUSED_FUNCTION = YES;
				GCC_WARN_UNUSED_VARIABLE = YES;
				MACOSX_DEPLOYMENT_TARGET = 10.13;
				MTL_ENABLE_DEBUG_INFO = YES;
				ONLY_ACTIVE_ARCH = YES;
				SDKROOT = macosx;
			};
			name = Debug;
		};
		74C061E91FBBDA0400EF4A6A /* Release */ = {
			isa = XCBuildConfiguration;
			buildSettings = {
				ALWAYS_SEARCH_USER_PATHS = NO;
				CLANG_ANALYZER_NONNULL = YES;
				CLANG_ANALYZER_NUMBER_OBJECT_CONVERSION = YES_AGGRESSIVE;
				CLANG_CXX_LANGUAGE_STANDARD = "gnu++14";
				CLANG_CXX_LIBRARY = "libc++";
				CLANG_ENABLE_MODULES = YES;
				CLANG_ENABLE_OBJC_ARC = YES;
				CLANG_WARN_BLOCK_CAPTURE_AUTORELEASING = YES;
				CLANG_WARN_BOOL_CONVERSION = YES;
				CLANG_WARN_COMMA = YES;
				CLANG_WARN_CONSTANT_CONVERSION = YES;
				CLANG_WARN_DIRECT_OBJC_ISA_USAGE = YES_ERROR;
				CLANG_WARN_DOCUMENTATION_COMMENTS = YES;
				CLANG_WARN_EMPTY_BODY = YES;
				CLANG_WARN_ENUM_CONVERSION = YES;
				CLANG_WARN_INFINITE_RECURSION = YES;
				CLANG_WARN_INT_CONVERSION = YES;
				CLANG_WARN_NON_LITERAL_NULL_CONVERSION = YES;
				CLANG_WARN_OBJC_LITERAL_CONVERSION = YES;
				CLANG_WARN_OBJC_ROOT_CLASS = YES_ERROR;
				CLANG_WARN_RANGE_LOOP_ANALYSIS = YES;
				CLANG_WARN_STRICT_PROTOTYPES = YES;
				CLANG_WARN_SUSPICIOUS_MOVE = YES;
				CLANG_WARN_UNGUARDED_AVAILABILITY = YES_AGGRESSIVE;
				CLANG_WARN_UNREACHABLE_CODE = YES;
				CLANG_WARN__DUPLICATE_METHOD_MATCH = YES;
				CODE_SIGN_IDENTITY = "Mac Developer";
				COPY_PHASE_STRIP = NO;
				DEBUG_INFORMATION_FORMAT = "dwarf-with-dsym";
				ENABLE_NS_ASSERTIONS = NO;
				ENABLE_STRICT_OBJC_MSGSEND = YES;
				GCC_C_LANGUAGE_STANDARD = gnu11;
				GCC_NO_COMMON_BLOCKS = YES;
				GCC_WARN_64_TO_32_BIT_CONVERSION = YES;
				GCC_WARN_ABOUT_RETURN_TYPE = YES_ERROR;
				GCC_WARN_UNDECLARED_SELECTOR = YES;
				GCC_WARN_UNINITIALIZED_AUTOS = YES_AGGRESSIVE;
				GCC_WARN_UNUSED_FUNCTION = YES;
				GCC_WARN_UNUSED_VARIABLE = YES;
				MACOSX_DEPLOYMENT_TARGET = 10.13;
				MTL_ENABLE_DEBUG_INFO = NO;
				SDKROOT = macosx;
			};
			name = Release;
		};
		74C061EB1FBBDA0400EF4A6A /* Debug */ = {
			isa = XCBuildConfiguration;
			buildSettings = {
				CODE_SIGN_STYLE = Automatic;
				DEVELOPMENT_TEAM = YUQB2X8V9P;
				PRODUCT_NAME = "$(TARGET_NAME)";
			};
			name = Debug;
		};
		74C061EC1FBBDA0400EF4A6A /* Release */ = {
			isa = XCBuildConfiguration;
			buildSettings = {
				CODE_SIGN_STYLE = Automatic;
				DEVELOPMENT_TEAM = YUQB2X8V9P;
				PRODUCT_NAME = "$(TARGET_NAME)";
			};
			name = Release;
		};
/* End XCBuildConfiguration section */

/* Begin XCConfigurationList section */
		74C061DE1FBBDA0400EF4A6A /* Build configuration list for PBXProject "ArrowToOffer" */ = {
			isa = XCConfigurationList;
			buildConfigurations = (
				74C061E81FBBDA0400EF4A6A /* Debug */,
				74C061E91FBBDA0400EF4A6A /* Release */,
			);
			defaultConfigurationIsVisible = 0;
			defaultConfigurationName = Release;
		};
		74C061EA1FBBDA0400EF4A6A /* Build configuration list for PBXNativeTarget "ArrowToOffer" */ = {
			isa = XCConfigurationList;
			buildConfigurations = (
				74C061EB1FBBDA0400EF4A6A /* Debug */,
				74C061EC1FBBDA0400EF4A6A /* Release */,
			);
			defaultConfigurationIsVisible = 0;
			defaultConfigurationName = Release;
		};
/* End XCConfigurationList section */
	};
	rootObject = 74C061DB1FBBDA0400EF4A6A /* Project object */;
}
